{
  "name": "codemirror-lang-elixir",
  "version": "1.0.0",
  "lockfileVersion": 2,
  "requires": true,
  "packages": {
    "": {
      "version": "1.0.0",
      "license": "MIT",
      "dependencies": {
        "@codemirror/stream-parser": "^0.18.2"
      },
      "devDependencies": {
        "rollup": "^2.46.0",
        "typescript": "^4.2.4"
      }
    },
    "node_modules/@codemirror/highlight": {
      "version": "0.18.3",
      "resolved": "https://registry.npmjs.org/@codemirror/highlight/-/highlight-0.18.3.tgz",
      "integrity": "sha512-NmRmkmWl8ht6Y6Y39ghov84AMPCqhUPIH9fmILs2NaWxZFZf4jGCTzrULnmREGsTie+26+LbKUncIU+PBu1Qng==",
      "dependencies": {
        "@codemirror/language": "^0.18.0",
        "@codemirror/rangeset": "^0.18.0",
        "@codemirror/state": "^0.18.0",
        "@codemirror/view": "^0.18.0",
        "lezer-tree": "^0.13.0",
        "style-mod": "^4.0.0"
      }
    },
    "node_modules/@codemirror/language": {
      "version": "0.18.1",
      "resolved": "https://registry.npmjs.org/@codemirror/language/-/language-0.18.1.tgz",
      "integrity": "sha512-j/TWV8sNmzU79kk/hPLb9NqSPoH59850kQSpgY11LxOEBlKVRKgaWabgNtUCSeVCAnfisGekupk3aq2ftILqug==",
      "dependencies": {
        "@codemirror/state": "^0.18.0",
        "@codemirror/text": "^0.18.0",
        "@codemirror/view": "^0.18.0",
        "lezer": "^0.13.4",
        "lezer-tree": "^0.13.0"
      }
    },
    "node_modules/@codemirror/rangeset": {
      "version": "0.18.1",
      "resolved": "https://registry.npmjs.org/@codemirror/rangeset/-/rangeset-0.18.1.tgz",
      "integrity": "sha512-Q+t92KlvDDD9oNXOvYHNL3kEUF1Y595OjSsl5GNZYI2JPY8IW9PoH1z37sgqgxMMuWQrDNp6AOrnd2j/7uBhFA==",
      "dependencies": {
        "@codemirror/state": "^0.18.0"
      }
    },
    "node_modules/@codemirror/state": {
      "version": "0.18.6",
      "resolved": "https://registry.npmjs.org/@codemirror/state/-/state-0.18.6.tgz",
      "integrity": "sha512-jBY4KFY6RGPkuRUFXSZtgxpKebju8CJq7SkKYf+NsD8OZzDSauxPPYAL7V2z8ubvw74qLPIKIX2hERvY6WBdbg==",
      "dependencies": {
        "@codemirror/text": "^0.18.0"
      }
    },
    "node_modules/@codemirror/stream-parser": {
      "version": "0.18.2",
      "resolved": "https://registry.npmjs.org/@codemirror/stream-parser/-/stream-parser-0.18.2.tgz",
      "integrity": "sha512-3RTRmhIixcC2ps/G8So+BL0qJkwaspjyYt4smVYlSn4eNbxGK9K2RCnSmOPRv0SkuQMu3oUFbprFI/SbtZrPKg==",
      "dependencies": {
        "@codemirror/highlight": "^0.18.0",
        "@codemirror/language": "^0.18.0",
        "@codemirror/state": "^0.18.0",
        "@codemirror/text": "^0.18.0",
        "lezer": "^0.13.0",
        "lezer-tree": "^0.13.0"
      }
    },
    "node_modules/@codemirror/text": {
      "version": "0.18.0",
      "resolved": "https://registry.npmjs.org/@codemirror/text/-/text-0.18.0.tgz",
      "integrity": "sha512-HMzHNIAbjCiCf3tEJMRg6ul01KPuXxQGNiHlHgAnqPguq/CX+L4Nvj5JlWQAI91Pupk18zhmM1c6eaazX4YeTg=="
    },
    "node_modules/@codemirror/view": {
      "version": "0.18.11",
      "resolved": "https://registry.npmjs.org/@codemirror/view/-/view-0.18.11.tgz",
      "integrity": "sha512-hNWTEGTpfFk1tjUnq4VjREe77rQQiS2nnhK9CDvU2M44g7wtkCFLB8ymvNp+Swo21hfUix33o2MKBeb830961g==",
      "dependencies": {
        "@codemirror/rangeset": "^0.18.0",
        "@codemirror/state": "^0.18.0",
        "@codemirror/text": "^0.18.0",
        "style-mod": "^4.0.0",
        "w3c-keyname": "^2.2.4"
      }
    },
    "node_modules/fsevents": {
      "version": "2.3.2",
      "resolved": "https://registry.npmjs.org/fsevents/-/fsevents-2.3.2.tgz",
      "integrity": "sha512-xiqMQR4xAeHTuB9uWm+fFRcIOgKBMiOBP+eXiyT7jsgVCq1bkVygt00oASowB7EdtpOHaaPgKt812P9ab+DDKA==",
      "dev": true,
      "hasInstallScript": true,
      "optional": true,
      "os": [
        "darwin"
      ],
      "engines": {
        "node": "^8.16.0 || ^10.6.0 || >=11.0.0"
      }
    },
    "node_modules/lezer": {
      "version": "0.13.4",
      "resolved": "https://registry.npmjs.org/lezer/-/lezer-0.13.4.tgz",
      "integrity": "sha512-cLQxUVY28VBBqKBt/R8CYeH57KQnIvscAnoahzvhlZTK8qxMkIyGExR6ecEpYYDX06ZhROZrEm1IiPvjLAsTig==",
      "dependencies": {
        "lezer-tree": "^0.13.2"
      }
    },
    "node_modules/lezer-tree": {
      "version": "0.13.2",
      "resolved": "https://registry.npmjs.org/lezer-tree/-/lezer-tree-0.13.2.tgz",
      "integrity": "sha512-15ZxW8TxVNAOkHIo43Iouv4zbSkQQ5chQHBpwXcD2bBFz46RB4jYLEEww5l1V0xyIx9U2clSyyrLes+hAUFrGQ=="
    },
    "node_modules/rollup": {
      "version": "2.46.0",
      "resolved": "https://registry.npmjs.org/rollup/-/rollup-2.46.0.tgz",
      "integrity": "sha512-qPGoUBNl+Z8uNu0z7pD3WPTABWRbcOwIrO/5ccDJzmrtzn0LVf6Lj91+L5CcWhXl6iWf23FQ6m8Jkl2CmN1O7Q==",
      "dev": true,
      "bin": {
        "rollup": "dist/bin/rollup"
      },
      "engines": {
        "node": ">=10.0.0"
      },
      "optionalDependencies": {
        "fsevents": "~2.3.1"
      }
    },
    "node_modules/style-mod": {
      "version": "4.0.0",
      "resolved": "https://registry.npmjs.org/style-mod/-/style-mod-4.0.0.tgz",
      "integrity": "sha512-OPhtyEjyyN9x3nhPsu76f52yUGXiZcgvsrFVtvTkyGRQJ0XK+GPc6ov1z+lRpbeabka+MYEQxOYRnt5nF30aMw=="
    },
    "node_modules/typescript": {
      "version": "4.2.4",
      "resolved": "https://registry.npmjs.org/typescript/-/typescript-4.2.4.tgz",
      "integrity": "sha512-V+evlYHZnQkaz8TRBuxTA92yZBPotr5H+WhQ7bD3hZUndx5tGOa1fuCgeSjxAzM1RiN5IzvadIXTVefuuwZCRg==",
      "dev": true,
      "bin": {
        "tsc": "bin/tsc",
        "tsserver": "bin/tsserver"
      },
      "engines": {
        "node": ">=4.2.0"
      }
    },
    "node_modules/w3c-keyname": {
      "version": "2.2.4",
      "resolved": "https://registry.npmjs.org/w3c-keyname/-/w3c-keyname-2.2.4.tgz",
      "integrity": "sha512-tOhfEwEzFLJzf6d1ZPkYfGj+FWhIpBux9ppoP3rlclw3Z0BZv3N7b7030Z1kYth+6rDuAsXUFr+d0VE6Ed1ikw=="
    }
  },
  "dependencies": {
    "@codemirror/highlight": {
      "version": "0.18.3",
      "resolved": "https://registry.npmjs.org/@codemirror/highlight/-/highlight-0.18.3.tgz",
      "integrity": "sha512-NmRmkmWl8ht6Y6Y39ghov84AMPCqhUPIH9fmILs2NaWxZFZf4jGCTzrULnmREGsTie+26+LbKUncIU+PBu1Qng==",
      "requires": {
        "@codemirror/language": "^0.18.0",
        "@codemirror/rangeset": "^0.18.0",
        "@codemirror/state": "^0.18.0",
        "@codemirror/view": "^0.18.0",
        "lezer-tree": "^0.13.0",
        "style-mod": "^4.0.0"
      }
    },
    "@codemirror/language": {
      "version": "0.18.1",
      "resolved": "https://registry.npmjs.org/@codemirror/language/-/language-0.18.1.tgz",
      "integrity": "sha512-j/TWV8sNmzU79kk/hPLb9NqSPoH59850kQSpgY11LxOEBlKVRKgaWabgNtUCSeVCAnfisGekupk3aq2ftILqug==",
      "requires": {
        "@codemirror/state": "^0.18.0",
        "@codemirror/text": "^0.18.0",
        "@codemirror/view": "^0.18.0",
        "lezer": "^0.13.4",
        "lezer-tree": "^0.13.0"
      }
    },
    "@codemirror/rangeset": {
      "version": "0.18.1",
      "resolved": "https://registry.npmjs.org/@codemirror/rangeset/-/rangeset-0.18.1.tgz",
      "integrity": "sha512-Q+t92KlvDDD9oNXOvYHNL3kEUF1Y595OjSsl5GNZYI2JPY8IW9PoH1z37sgqgxMMuWQrDNp6AOrnd2j/7uBhFA==",
      "requires": {
        "@codemirror/state": "^0.18.0"
      }
    },
    "@codemirror/state": {
      "version": "0.18.6",
      "resolved": "https://registry.npmjs.org/@codemirror/state/-/state-0.18.6.tgz",
      "integrity": "sha512-jBY4KFY6RGPkuRUFXSZtgxpKebju8CJq7SkKYf+NsD8OZzDSauxPPYAL7V2z8ubvw74qLPIKIX2hERvY6WBdbg==",
      "requires": {
        "@codemirror/text": "^0.18.0"
      }
    },
    "@codemirror/stream-parser": {
      "version": "0.18.2",
      "resolved": "https://registry.npmjs.org/@codemirror/stream-parser/-/stream-parser-0.18.2.tgz",
      "integrity": "sha512-3RTRmhIixcC2ps/G8So+BL0qJkwaspjyYt4smVYlSn4eNbxGK9K2RCnSmOPRv0SkuQMu3oUFbprFI/SbtZrPKg==",
      "requires": {
        "@codemirror/highlight": "^0.18.0",
        "@codemirror/language": "^0.18.0",
        "@codemirror/state": "^0.18.0",
        "@codemirror/text": "^0.18.0",
        "lezer": "^0.13.0",
        "lezer-tree": "^0.13.0"
      }
    },
    "@codemirror/text": {
      "version": "0.18.0",
      "resolved": "https://registry.npmjs.org/@codemirror/text/-/text-0.18.0.tgz",
      "integrity": "sha512-HMzHNIAbjCiCf3tEJMRg6ul01KPuXxQGNiHlHgAnqPguq/CX+L4Nvj5JlWQAI91Pupk18zhmM1c6eaazX4YeTg=="
    },
    "@codemirror/view": {
      "version": "0.18.11",
      "resolved": "https://registry.npmjs.org/@codemirror/view/-/view-0.18.11.tgz",
      "integrity": "sha512-hNWTEGTpfFk1tjUnq4VjREe77rQQiS2nnhK9CDvU2M44g7wtkCFLB8ymvNp+Swo21hfUix33o2MKBeb830961g==",
      "requires": {
        "@codemirror/rangeset": "^0.18.0",
        "@codemirror/state": "^0.18.0",
        "@codemirror/text": "^0.18.0",
        "style-mod": "^4.0.0",
        "w3c-keyname": "^2.2.4"
      }
    },
    "fsevents": {
      "version": "2.3.2",
      "resolved": "https://registry.npmjs.org/fsevents/-/fsevents-2.3.2.tgz",
      "integrity": "sha512-xiqMQR4xAeHTuB9uWm+fFRcIOgKBMiOBP+eXiyT7jsgVCq1bkVygt00oASowB7EdtpOHaaPgKt812P9ab+DDKA==",
      "dev": true,
      "optional": true
    },
    "lezer": {
      "version": "0.13.4",
      "resolved": "https://registry.npmjs.org/lezer/-/lezer-0.13.4.tgz",
      "integrity": "sha512-cLQxUVY28VBBqKBt/R8CYeH57KQnIvscAnoahzvhlZTK8qxMkIyGExR6ecEpYYDX06ZhROZrEm1IiPvjLAsTig==",
      "requires": {
        "lezer-tree": "^0.13.2"
      }
    },
    "lezer-tree": {
      "version": "0.13.2",
      "resolved": "https://registry.npmjs.org/lezer-tree/-/lezer-tree-0.13.2.tgz",
      "integrity": "sha512-15ZxW8TxVNAOkHIo43Iouv4zbSkQQ5chQHBpwXcD2bBFz46RB4jYLEEww5l1V0xyIx9U2clSyyrLes+hAUFrGQ=="
    },
    "rollup": {
      "version": "2.46.0",
      "resolved": "https://registry.npmjs.org/rollup/-/rollup-2.46.0.tgz",
      "integrity": "sha512-qPGoUBNl+Z8uNu0z7pD3WPTABWRbcOwIrO/5ccDJzmrtzn0LVf6Lj91+L5CcWhXl6iWf23FQ6m8Jkl2CmN1O7Q==",
      "dev": true,
      "requires": {
        "fsevents": "~2.3.1"
      }
    },
    "style-mod": {
      "version": "4.0.0",
      "resolved": "https://registry.npmjs.org/style-mod/-/style-mod-4.0.0.tgz",
      "integrity": "sha512-OPhtyEjyyN9x3nhPsu76f52yUGXiZcgvsrFVtvTkyGRQJ0XK+GPc6ov1z+lRpbeabka+MYEQxOYRnt5nF30aMw=="
    },
    "typescript": {
      "version": "4.2.4",
      "resolved": "https://registry.npmjs.org/typescript/-/typescript-4.2.4.tgz",
      "integrity": "sha512-V+evlYHZnQkaz8TRBuxTA92yZBPotr5H+WhQ7bD3hZUndx5tGOa1fuCgeSjxAzM1RiN5IzvadIXTVefuuwZCRg==",
      "dev": true
    },
    "w3c-keyname": {
      "version": "2.2.4",
      "resolved": "https://registry.npmjs.org/w3c-keyname/-/w3c-keyname-2.2.4.tgz",
      "integrity": "sha512-tOhfEwEzFLJzf6d1ZPkYfGj+FWhIpBux9ppoP3rlclw3Z0BZv3N7b7030Z1kYth+6rDuAsXUFr+d0VE6Ed1ikw=="
    }
  }
}
