{
  "name": "codemirror-lang-elixir",
  "version": "1.0.4",
  "lockfileVersion": 2,
  "requires": true,
  "packages": {
    "": {
      "version": "1.0.4",
      "license": "MIT",
      "dependencies": {
        "@codemirror/stream-parser": "^0.19.1"
      },
      "devDependencies": {
        "rollup": "^2.56.2"
      }
    },
    "node_modules/@codemirror/highlight": {
      "version": "0.19.1",
      "resolved": "https://registry.npmjs.org/@codemirror/highlight/-/highlight-0.19.1.tgz",
      "integrity": "sha512-79y2xrl8e0kyfdpH7fBRdQoUDSrb54iSP+bLyzN2IPjoNw2NoWfYsiBrkc/zeCdhJYAtRUzgBKHkLPpjF/FKRg==",
      "dependencies": {
        "@codemirror/language": "^0.19.0",
        "@codemirror/rangeset": "^0.19.0",
        "@codemirror/state": "^0.19.0",
        "@codemirror/view": "^0.19.0",
        "@lezer/common": "^0.15.0",
        "style-mod": "^4.0.0"
      }
    },
    "node_modules/@codemirror/language": {
      "version": "0.19.1",
      "resolved": "https://registry.npmjs.org/@codemirror/language/-/language-0.19.1.tgz",
      "integrity": "sha512-xukssIvUo/xa4QC++pdludp+ggjFiWoBf3WkTcB6l+vd/3Xlp36k3AjKq5L/czTtV/KPl47HkRlsC37xnVvFUg==",
      "dependencies": {
        "@codemirror/state": "^0.19.0",
        "@codemirror/text": "^0.19.0",
        "@codemirror/view": "^0.19.0",
        "@lezer/common": "^0.15.0",
        "@lezer/lr": "^0.15.0"
      }
    },
    "node_modules/@codemirror/rangeset": {
      "version": "0.19.0",
      "resolved": "https://registry.npmjs.org/@codemirror/rangeset/-/rangeset-0.19.0.tgz",
      "integrity": "sha512-3J6Lpfyja3Sf8kMJyP05mDYK9c0N8YiHunvZbDhSq6R9/ViDYxsfaHfl/eCILRqswFMUsebCKA5iRhjXw4LeoA==",
      "dependencies": {
        "@codemirror/state": "^0.19.0"
      }
    },
    "node_modules/@codemirror/state": {
      "version": "0.19.0",
      "resolved": "https://registry.npmjs.org/@codemirror/state/-/state-0.19.0.tgz",
      "integrity": "sha512-yS4oUzaYggUCsDA5cVqMGFNe2CjA2x1YQp68A8/Nnczxr5PctIPuzSTUfBQCi/IKNRouJxMr+gDPweEErJi7fw==",
      "dependencies": {
        "@codemirror/text": "^0.19.0"
      }
    },
    "node_modules/@codemirror/stream-parser": {
      "version": "0.19.1",
      "resolved": "https://registry.npmjs.org/@codemirror/stream-parser/-/stream-parser-0.19.1.tgz",
      "integrity": "sha512-ZoQR8oIDUaKyGm94lYSUAkfrFw7Cqr12MaIC6UAQter7GHYcN1A+Xa1z8rY0wd9Yv+w1yoDLY0XvpPMt2CEBzw==",
      "dependencies": {
        "@codemirror/highlight": "^0.19.0",
        "@codemirror/language": "^0.19.0",
        "@codemirror/state": "^0.19.0",
        "@codemirror/text": "^0.19.0",
        "@lezer/common": "^0.15.0",
        "@lezer/lr": "^0.15.0"
      }
    },
    "node_modules/@codemirror/text": {
      "version": "0.19.0",
      "resolved": "https://registry.npmjs.org/@codemirror/text/-/text-0.19.0.tgz",
      "integrity": "sha512-SxXmPitnMxbFriiJu3yYAq0V7I71SXVbOqFuoJ8BjXUml7DajgXIia9YeXTHovjlGSfisXTnYFyP6kVyRp7TMw=="
    },
    "node_modules/@codemirror/view": {
      "version": "0.19.1",
      "resolved": "https://registry.npmjs.org/@codemirror/view/-/view-0.19.1.tgz",
      "integrity": "sha512-CxSM5Q9hK89CSX6mpT1ZPDq3kjzE1Ynx02l12M/MVTLvExge/8Ly8L+NYbKHpsR/uRtNc4E9V+dep+JXYOJYqQ==",
      "dependencies": {
        "@codemirror/rangeset": "^0.19.0",
        "@codemirror/state": "^0.19.0",
        "@codemirror/text": "^0.19.0",
        "style-mod": "^4.0.0",
        "w3c-keyname": "^2.2.4"
      }
    },
    "node_modules/@lezer/common": {
      "version": "0.15.0",
      "resolved": "https://registry.npmjs.org/@lezer/common/-/common-0.15.0.tgz",
      "integrity": "sha512-cCMKzpMw9mOicAPqgibLH2//XCvCFjAUar0HDQcf60MMmKE+TxsgV6q5XqTplejzBCr7UigkTgeedZGOLETwuA=="
    },
    "node_modules/@lezer/lr": {
      "version": "0.15.0",
      "resolved": "https://registry.npmjs.org/@lezer/lr/-/lr-0.15.0.tgz",
      "integrity": "sha512-gbxAiC4X9BBOfPfHNgozbH0kPREDt7zjoy/DVxPubpZYG7Hmr6QJTriCSjjTOkKnaQCGxpxFaCGS1QyZFTsYMg==",
      "dependencies": {
        "@lezer/common": "^0.15.0"
      }
    },
    "node_modules/fsevents": {
      "version": "2.3.2",
      "resolved": "https://registry.npmjs.org/fsevents/-/fsevents-2.3.2.tgz",
      "integrity": "sha512-xiqMQR4xAeHTuB9uWm+fFRcIOgKBMiOBP+eXiyT7jsgVCq1bkVygt00oASowB7EdtpOHaaPgKt812P9ab+DDKA==",
      "dev": true,
      "hasInstallScript": true,
      "optional": true,
      "os": [
        "darwin"
      ],
      "engines": {
        "node": "^8.16.0 || ^10.6.0 || >=11.0.0"
      }
    },
    "node_modules/rollup": {
      "version": "2.56.2",
      "resolved": "https://registry.npmjs.org/rollup/-/rollup-2.56.2.tgz",
      "integrity": "sha512-s8H00ZsRi29M2/lGdm1u8DJpJ9ML8SUOpVVBd33XNeEeL3NVaTiUcSBHzBdF3eAyR0l7VSpsuoVUGrRHq7aPwQ==",
      "dev": true,
      "bin": {
        "rollup": "dist/bin/rollup"
      },
      "engines": {
        "node": ">=10.0.0"
      },
      "optionalDependencies": {
        "fsevents": "~2.3.2"
      }
    },
    "node_modules/style-mod": {
      "version": "4.0.0",
      "resolved": "https://registry.npmjs.org/style-mod/-/style-mod-4.0.0.tgz",
      "integrity": "sha512-OPhtyEjyyN9x3nhPsu76f52yUGXiZcgvsrFVtvTkyGRQJ0XK+GPc6ov1z+lRpbeabka+MYEQxOYRnt5nF30aMw=="
    },
    "node_modules/w3c-keyname": {
      "version": "2.2.4",
      "resolved": "https://registry.npmjs.org/w3c-keyname/-/w3c-keyname-2.2.4.tgz",
      "integrity": "sha512-tOhfEwEzFLJzf6d1ZPkYfGj+FWhIpBux9ppoP3rlclw3Z0BZv3N7b7030Z1kYth+6rDuAsXUFr+d0VE6Ed1ikw=="
    }
  },
  "dependencies": {
    "@codemirror/highlight": {
      "version": "0.19.1",
      "resolved": "https://registry.npmjs.org/@codemirror/highlight/-/highlight-0.19.1.tgz",
      "integrity": "sha512-79y2xrl8e0kyfdpH7fBRdQoUDSrb54iSP+bLyzN2IPjoNw2NoWfYsiBrkc/zeCdhJYAtRUzgBKHkLPpjF/FKRg==",
      "requires": {
        "@codemirror/language": "^0.19.0",
        "@codemirror/rangeset": "^0.19.0",
        "@codemirror/state": "^0.19.0",
        "@codemirror/view": "^0.19.0",
        "@lezer/common": "^0.15.0",
        "style-mod": "^4.0.0"
      }
    },
    "@codemirror/language": {
      "version": "0.19.1",
      "resolved": "https://registry.npmjs.org/@codemirror/language/-/language-0.19.1.tgz",
      "integrity": "sha512-xukssIvUo/xa4QC++pdludp+ggjFiWoBf3WkTcB6l+vd/3Xlp36k3AjKq5L/czTtV/KPl47HkRlsC37xnVvFUg==",
      "requires": {
        "@codemirror/state": "^0.19.0",
        "@codemirror/text": "^0.19.0",
        "@codemirror/view": "^0.19.0",
        "@lezer/common": "^0.15.0",
        "@lezer/lr": "^0.15.0"
      }
    },
    "@codemirror/rangeset": {
      "version": "0.19.0",
      "resolved": "https://registry.npmjs.org/@codemirror/rangeset/-/rangeset-0.19.0.tgz",
      "integrity": "sha512-3J6Lpfyja3Sf8kMJyP05mDYK9c0N8YiHunvZbDhSq6R9/ViDYxsfaHfl/eCILRqswFMUsebCKA5iRhjXw4LeoA==",
      "requires": {
        "@codemirror/state": "^0.19.0"
      }
    },
    "@codemirror/state": {
      "version": "0.19.0",
      "resolved": "https://registry.npmjs.org/@codemirror/state/-/state-0.19.0.tgz",
      "integrity": "sha512-yS4oUzaYggUCsDA5cVqMGFNe2CjA2x1YQp68A8/Nnczxr5PctIPuzSTUfBQCi/IKNRouJxMr+gDPweEErJi7fw==",
      "requires": {
        "@codemirror/text": "^0.19.0"
      }
    },
    "@codemirror/stream-parser": {
      "version": "0.19.1",
      "resolved": "https://registry.npmjs.org/@codemirror/stream-parser/-/stream-parser-0.19.1.tgz",
      "integrity": "sha512-ZoQR8oIDUaKyGm94lYSUAkfrFw7Cqr12MaIC6UAQter7GHYcN1A+Xa1z8rY0wd9Yv+w1yoDLY0XvpPMt2CEBzw==",
      "requires": {
        "@codemirror/highlight": "^0.19.0",
        "@codemirror/language": "^0.19.0",
        "@codemirror/state": "^0.19.0",
        "@codemirror/text": "^0.19.0",
        "@lezer/common": "^0.15.0",
        "@lezer/lr": "^0.15.0"
      }
    },
    "@codemirror/text": {
      "version": "0.19.0",
      "resolved": "https://registry.npmjs.org/@codemirror/text/-/text-0.19.0.tgz",
      "integrity": "sha512-SxXmPitnMxbFriiJu3yYAq0V7I71SXVbOqFuoJ8BjXUml7DajgXIia9YeXTHovjlGSfisXTnYFyP6kVyRp7TMw=="
    },
    "@codemirror/view": {
      "version": "0.19.1",
      "resolved": "https://registry.npmjs.org/@codemirror/view/-/view-0.19.1.tgz",
      "integrity": "sha512-CxSM5Q9hK89CSX6mpT1ZPDq3kjzE1Ynx02l12M/MVTLvExge/8Ly8L+NYbKHpsR/uRtNc4E9V+dep+JXYOJYqQ==",
      "requires": {
        "@codemirror/rangeset": "^0.19.0",
        "@codemirror/state": "^0.19.0",
        "@codemirror/text": "^0.19.0",
        "style-mod": "^4.0.0",
        "w3c-keyname": "^2.2.4"
      }
    },
    "@lezer/common": {
      "version": "0.15.0",
      "resolved": "https://registry.npmjs.org/@lezer/common/-/common-0.15.0.tgz",
      "integrity": "sha512-cCMKzpMw9mOicAPqgibLH2//XCvCFjAUar0HDQcf60MMmKE+TxsgV6q5XqTplejzBCr7UigkTgeedZGOLETwuA=="
    },
    "@lezer/lr": {
      "version": "0.15.0",
      "resolved": "https://registry.npmjs.org/@lezer/lr/-/lr-0.15.0.tgz",
      "integrity": "sha512-gbxAiC4X9BBOfPfHNgozbH0kPREDt7zjoy/DVxPubpZYG7Hmr6QJTriCSjjTOkKnaQCGxpxFaCGS1QyZFTsYMg==",
      "requires": {
        "@lezer/common": "^0.15.0"
      }
    },
    "fsevents": {
      "version": "2.3.2",
      "resolved": "https://registry.npmjs.org/fsevents/-/fsevents-2.3.2.tgz",
      "integrity": "sha512-xiqMQR4xAeHTuB9uWm+fFRcIOgKBMiOBP+eXiyT7jsgVCq1bkVygt00oASowB7EdtpOHaaPgKt812P9ab+DDKA==",
      "dev": true,
      "optional": true
    },
    "rollup": {
      "version": "2.56.2",
      "resolved": "https://registry.npmjs.org/rollup/-/rollup-2.56.2.tgz",
      "integrity": "sha512-s8H00ZsRi29M2/lGdm1u8DJpJ9ML8SUOpVVBd33XNeEeL3NVaTiUcSBHzBdF3eAyR0l7VSpsuoVUGrRHq7aPwQ==",
      "dev": true,
      "requires": {
        "fsevents": "~2.3.2"
      }
    },
    "style-mod": {
      "version": "4.0.0",
      "resolved": "https://registry.npmjs.org/style-mod/-/style-mod-4.0.0.tgz",
      "integrity": "sha512-OPhtyEjyyN9x3nhPsu76f52yUGXiZcgvsrFVtvTkyGRQJ0XK+GPc6ov1z+lRpbeabka+MYEQxOYRnt5nF30aMw=="
    },
    "w3c-keyname": {
      "version": "2.2.4",
      "resolved": "https://registry.npmjs.org/w3c-keyname/-/w3c-keyname-2.2.4.tgz",
      "integrity": "sha512-tOhfEwEzFLJzf6d1ZPkYfGj+FWhIpBux9ppoP3rlclw3Z0BZv3N7b7030Z1kYth+6rDuAsXUFr+d0VE6Ed1ikw=="
    }
  }
}
